
Microsoft Visual Studio Solution File, Format Version 12.00
# Visual Studio Version 16
VisualStudioVersion = 16.0.31313.79
MinimumVisualStudioVersion = 10.0.40219.1
Project("{9A19103F-16F7-4668-BE54-9A1E7A4F7556}") = "CP.Api.Gerenciamento.Procedimentos", "CP.Api.Gerenciamento.Procedimentos\CP.Api.Gerenciamento.Procedimentos.csproj", "{94C54C2B-9570-4AFD-8027-D5B6AF95C8C8}"
EndProject
Project("{9A19103F-16F7-4668-BE54-9A1E7A4F7556}") = "CP.Api.Gerenciamento.Procedimentos.TesteUnitario", "CP.Api.Gerenciamento.Procedimentos.TesteUnitario\CP.Api.Gerenciamento.Procedimentos.TesteUnitario.csproj", "{4C41F174-E7AE-45BC-8860-467449C5A6B0}"
EndProject
Project("{FAE04EC0-301F-11D3-BF4B-00C04F79EFBC}") = "CP.Api.Gerenciamento.Procedimentos.TesteIntegrado", "CP.Api.Gerenciamento.Procedimentos.TesteIntegrado\CP.Api.Gerenciamento.Procedimentos.TesteIntegrado.csproj", "{8CA3ACE6-E684-42E4-980D-6CEFA5C46AC9}"
EndProject
Global
	GlobalSection(SolutionConfigurationPlatforms) = preSolution
		Debug|Any CPU = Debug|Any CPU
		Release|Any CPU = Release|Any CPU
	EndGlobalSection
	GlobalSection(ProjectConfigurationPlatforms) = postSolution
		{94C54C2B-9570-4AFD-8027-D5B6AF95C8C8}.Debug|Any CPU.ActiveCfg = Debug|Any CPU
		{94C54C2B-9570-4AFD-8027-D5B6AF95C8C8}.Debug|Any CPU.Build.0 = Debug|Any CPU
		{94C54C2B-9570-4AFD-8027-D5B6AF95C8C8}.Release|Any CPU.ActiveCfg = Release|Any CPU
		{94C54C2B-9570-4AFD-8027-D5B6AF95C8C8}.Release|Any CPU.Build.0 = Release|Any CPU
		{4C41F174-E7AE-45BC-8860-467449C5A6B0}.Debug|Any CPU.ActiveCfg = Debug|Any CPU
		{4C41F174-E7AE-45BC-8860-467449C5A6B0}.Debug|Any CPU.Build.0 = Debug|Any CPU
		{4C41F174-E7AE-45BC-8860-467449C5A6B0}.Release|Any CPU.ActiveCfg = Release|Any CPU
		{4C41F174-E7AE-45BC-8860-467449C5A6B0}.Release|Any CPU.Build.0 = Release|Any CPU
		{8CA3ACE6-E684-42E4-980D-6CEFA5C46AC9}.Debug|Any CPU.ActiveCfg = Debug|Any CPU
		{8CA3ACE6-E684-42E4-980D-6CEFA5C46AC9}.Debug|Any CPU.Build.0 = Debug|Any CPU
		{8CA3ACE6-E684-42E4-980D-6CEFA5C46AC9}.Release|Any CPU.ActiveCfg = Release|Any CPU
		{8CA3ACE6-E684-42E4-980D-6CEFA5C46AC9}.Release|Any CPU.Build.0 = Release|Any CPU
	EndGlobalSection
	GlobalSection(SolutionProperties) = preSolution
		HideSolutionNode = FALSE
	EndGlobalSection
	GlobalSection(ExtensibilityGlobals) = postSolution
		SolutionGuid = {98A2300A-A7A4-4DE3-B4D9-9366FF0EC0E9}
	EndGlobalSection
EndGlobal
